# This file is autogenerated, do not edit; changes may be undone by the next 'dep ensure'.


[[projects]]
  digest = "1:ffe9824d294da03b391f44e1ae8281281b4afc1bdaa9588c9097785e3af10cec"
  name = "github.com/davecgh/go-spew"
  packages = ["spew"]
  pruneopts = "UT"
  revision = "8991bc29aa16c548c550c7ff78260e27b9ab7c73"
  version = "v1.1.1"

[[projects]]
  digest = "1:76dc72490af7174349349838f2fe118996381b31ea83243812a97e5a0fd5ed55"
  name = "github.com/dgrijalva/jwt-go"
  packages = ["."]
  pruneopts = "UT"
  revision = "06ea1031745cb8b3dab3f6a236daf2b0aa468b7e"
  version = "v3.2.0"

[[projects]]
  branch = "master"
  digest = "1:1f8d964dd2323cbc8dcdbf3a2f5d9789b02919a3f785e1c50f59834c4ec0b479"
  name = "github.com/go-ocf/authorization"
  packages = ["pb"]
  pruneopts = "UT"
  revision = "34192ff347ecf329caa7656bcefe004487908766"

[[projects]]
  branch = "master"
  digest = "1:396e9c35709a2e266efe6c841468e076e41c53ce8ce819d35309378d9dac93d0"
  name = "github.com/go-ocf/cqrs"
  packages = [
    ".",
    "event",
    "eventbus",
    "eventbus/nats",
    "eventstore",
    "eventstore/mongodb",
    "protobuf/eventbus",
  ]
  pruneopts = "UT"
  revision = "3c501311326cc4549fceb9c5af6dd97344dc89ea"

[[projects]]
  branch = "master"
  digest = "1:c2c15c33cf57ca4a10d1f25a1cbea122c8919b483bd8aa375f796ed73c29fe39"
  name = "github.com/go-ocf/go-coap"
  packages = [
    ".",
    "net",
  ]
  pruneopts = "UT"
  revision = "4e2ec36362563d3c617116e91e94ee263d370a25"

[[projects]]
  branch = "removeInsecure"
  digest = "1:807fc0fec49a03da6ba93d43c1a7479af87705f2ca85d80bfb8249ab3bcd3e7b"
  name = "github.com/go-ocf/kit"
  packages = [
    "codec/cbor",
    "codec/json",
    "cqrs",
    "cqrs/eventbus/nats",
    "cqrs/eventstore/mongodb",
    "cqrs/pb",
    "cqrs/projection",
    "http",
    "log",
    "net",
    "net/grpc",
    "security",
    "security/jwt",
    "strings",
  ]
  pruneopts = "UT"
  revision = "b89027daa65275bc354d94d991d67f165d2d2630"

[[projects]]
  branch = "master"
  digest = "1:e49eab6068a03ff16234888e42e8bd9899c5c1d8d506250558adbf7b61b5b29a"
  name = "github.com/go-ocf/resource-aggregate"
  packages = [
    "cqrs",
    "cqrs/events",
    "cqrs/projection",
    "pb",
  ]
  pruneopts = "UT"
  revision = "c449b1d3f210a0fef9114b2e20d6ec768a2e8f51"

[[projects]]
  branch = "master"
  digest = "1:df345abb36029f3fffec77691ee15bd42d00abd9cb7675fa3a8058369024e6cb"
  name = "github.com/go-ocf/sdk"
  packages = [
    "schema",
    "schema/cloud",
  ]
  pruneopts = "UT"
  revision = "867fd8b642ee8ed5729346a3330aff567f074122"

[[projects]]
  digest = "1:586ea76dbd0374d6fb649a91d70d652b7fe0ccffb8910a77468e7702e7901f3d"
  name = "github.com/go-stack/stack"
  packages = ["."]
  pruneopts = "UT"
  revision = "2fee6af1a9795aafbe0253a0cfbdf668e1fb8a9a"
  version = "v1.8.0"

[[projects]]
  digest = "1:bed9d72d596f94e65fff37f4d6c01398074a6bb1c3f3ceff963516bd01db6ff5"
  name = "github.com/gofrs/uuid"
  packages = ["."]
  pruneopts = "UT"
  revision = "6b08a5c5172ba18946672b49749cde22873dd7c2"
  version = "v3.2.0"

[[projects]]
  digest = "1:877b9eedd8a92d456a213fe85fb8c6d178cb2bc499e86ec5b7f0bcc05d121e54"
  name = "github.com/gogo/protobuf"
  packages = [
    "gogoproto",
    "proto",
    "protoc-gen-gogo/descriptor",
  ]
  pruneopts = "UT"
  revision = "0ca988a254f991240804bf9821f3450d87ccbb1b"
  version = "v1.3.0"

[[projects]]
  digest = "1:f5ce1529abc1204444ec73779f44f94e2fa8fcdb7aca3c355b0c95947e4005c6"
  name = "github.com/golang/protobuf"
  packages = [
    "proto",
    "ptypes",
    "ptypes/any",
    "ptypes/duration",
    "ptypes/timestamp",
  ]
  pruneopts = "UT"
  revision = "6c65a5562fc06764971b7c5d05c76c75e84bdbf7"
  version = "v1.3.2"

[[projects]]
  branch = "master"
  digest = "1:700b1e527116332847452edf9febc0c252c026785a8c3cfa3f68a8eeffb09ee8"
  name = "github.com/golang/snappy"
  packages = ["."]
  pruneopts = "UT"
  revision = "ff6b7dc882cf4cfba7ee0b9f7dcc1ac096c554aa"

[[projects]]
  digest = "1:cbec35fe4d5a4fba369a656a8cd65e244ea2c743007d8f6c1ccb132acf9d1296"
  name = "github.com/gorilla/mux"
  packages = ["."]
  pruneopts = "UT"
  revision = "00bdffe0f3c77e27d2cf6f5c70232a2d3e4d9c15"
  version = "v1.7.3"

[[projects]]
  digest = "1:9b4853ee7eda0a9904a81c8d2e5b497b4ac7a6c5c8bbb03b867e541bae1f45cf"
  name = "github.com/grpc-ecosystem/go-grpc-middleware"
  packages = [
    ".",
    "auth",
    "util/metautils",
  ]
  pruneopts = "UT"
  revision = "dd15ed025b6054e5253963e355991f3070d4e593"
  version = "v1.1.0"

[[projects]]
  digest = "1:fd9bea48bbc5bba66d9891c72af7255fbebecdff845c37c679406174ece5ca1b"
  name = "github.com/kelseyhightower/envconfig"
  packages = ["."]
  pruneopts = "UT"
  revision = "0b417c4ec4a8a82eecc22a1459a504aa55163d61"
  version = "v1.4.0"

[[projects]]
  digest = "1:caa1da085cc12cd39d3ddb267434902f621050e1b46f7e9477b2b933df680193"
  name = "github.com/klauspost/compress"
  packages = [
    "flate",
    "gzip",
    "zlib",
  ]
  pruneopts = "UT"
  revision = "dbe23c5a61c1539a54e8a2927ca1a2e7bcc92caf"
  version = "v1.8.4"

[[projects]]
  digest = "1:923c4d7194b42e054b2eb8a6c62824ac55e23ececc1c7e48d4da69c971c55954"
  name = "github.com/klauspost/cpuid"
  packages = ["."]
  pruneopts = "UT"
  revision = "05a8198c0f5a27739aec358908d7e12c64ce6eb7"
  version = "v1.2.1"

[[projects]]
  digest = "1:aea1c53d4757225e70d19ddd87e7843a25897b3c4f3901a2ab07e04586a5b76a"
  name = "github.com/lestrrat-go/jwx"
  packages = [
    "internal/base64",
    "internal/option",
    "jwa",
    "jwk",
  ]
  pruneopts = "UT"
  revision = "5d60d87d07ddea9874404944870bec81aabcf574"
  version = "v0.9.0"

[[projects]]
  digest = "1:2ca73053216eb11c8eea2855c8099ad82773638522f91cc0542ec9759163ff3c"
  name = "github.com/nats-io/go-nats"
  packages = [
    ".",
    "encoders/builtin",
    "util",
  ]
  pruneopts = "UT"
  revision = "70fe06cee50d4b6f98248d9675fb55f2a3aa7228"
  version = "v1.7.2"

[[projects]]
  digest = "1:237d85e4f5e91ac6cfc13bad508627570ff29efa28f523d41aac2d39ca15950f"
  name = "github.com/nats-io/nkeys"
  packages = ["."]
  pruneopts = "UT"
  revision = "0073b400419be3ffb022ef46b675805e92534a34"
  version = "v0.1.0"

[[projects]]
  digest = "1:599f3202ce0a754144ddc4be4c6df9c6ab27b1d722a63ede6b2e0c3a2cc338a8"
  name = "github.com/nats-io/nuid"
  packages = ["."]
  pruneopts = "UT"
  revision = "4b96681fa6d28dd0ab5fe79bac63b3a493d9ee94"
  version = "v1.0.1"

[[projects]]
  digest = "1:9b836ad4d3f5603dcfe19cf3c1449cd7d87bc2ce88455d33f70911cab0394b2f"
  name = "github.com/panjf2000/ants"
  packages = ["."]
  pruneopts = "UT"
  revision = "444711e79fe20f040231b0900faf284a0d6532d1"
  version = "v1.2.0"

[[projects]]
  digest = "1:808cdddf087fb64baeae67b8dfaee2069034d9704923a3cb8bd96a995421a625"
  name = "github.com/patrickmn/go-cache"
  packages = ["."]
  pruneopts = "UT"
  revision = "a3647f8e31d79543b2d0f0ae2fe5c379d72cedc0"
  version = "v2.1.0"

[[projects]]
  digest = "1:f2e48504ac446aae46160fbcab65053eb4edaba0890cca991b73c68b171e216c"
  name = "github.com/pion/dtls"
  packages = [
    ".",
    "internal/crypto/ccm",
    "internal/udp",
  ]
  pruneopts = "UT"
  revision = "91d652d3f91d6c08c193e4d297067f8f653775f9"
  version = "v1.5.1"

[[projects]]
  digest = "1:92d9305a35d7130172f46e095505cc56af49d073907ae52088c15e8c8ae3f519"
  name = "github.com/pion/logging"
  packages = ["."]
  pruneopts = "UT"
  revision = "0387f8acdeb20faf48e539e74906dd633851f3a8"
  version = "v0.2.2"

[[projects]]
  digest = "1:cf31692c14422fa27c83a05292eb5cbe0fb2775972e8f1f8446a71549bd8980b"
  name = "github.com/pkg/errors"
  packages = ["."]
  pruneopts = "UT"
  revision = "ba968bfe8b2f7e042a574c888954fccecfa385b4"
  version = "v0.8.1"

[[projects]]
  digest = "1:0028cb19b2e4c3112225cd871870f2d9cf49b9b4276531f03438a88e94be86fe"
  name = "github.com/pmezard/go-difflib"
  packages = ["difflib"]
  pruneopts = "UT"
  revision = "792786c7400a136282c1664665ae0a8db921c6c2"
  version = "v1.0.0"

[[projects]]
  digest = "1:99d32780e5238c2621fff621123997c3e3cca96db8be13179013aea77dfab551"
  name = "github.com/stretchr/testify"
  packages = [
    "assert",
    "require",
  ]
  pruneopts = "UT"
  revision = "221dbe5ed46703ee255b1da0dec05086f5035f62"
  version = "v1.4.0"

[[projects]]
  digest = "1:5a1cf4e370bc86137b58da2ae065e76526d32b11f62a7665f36dbd5f41fa95ff"
  name = "github.com/ugorji/go"
  packages = ["codec"]
  pruneopts = "UT"
  revision = "23ab95ef5dc3b70286760af84ce2327a2b64ed62"
  version = "v1.1.7"

[[projects]]
  digest = "1:c468422f334a6b46a19448ad59aaffdfc0a36b08fdcc1c749a0b29b6453d7e59"
  name = "github.com/valyala/bytebufferpool"
  packages = ["."]
  pruneopts = "UT"
  revision = "e746df99fe4a3986f4d4f79e13c1e0117ce9c2f7"
  version = "v1.0.0"

[[projects]]
  branch = "master"
  digest = "1:56b897e231882e1a4a7cebdd7e1a1175eb9a99876241f7036612aa6aa4d0b143"
  name = "github.com/valyala/fasthttp"
  packages = [
    ".",
    "fasthttputil",
    "stackless",
  ]
  pruneopts = "UT"
  revision = "be93fbd21b9cb2641736175bb76c7d929079141c"

[[projects]]
  branch = "master"
  digest = "1:40fdfd6ab85ca32b6935853bbba35935dcb1d796c8135efd85947566c76e662e"
  name = "github.com/xdg/scram"
  packages = ["."]
  pruneopts = "UT"
  revision = "7eeb5667e42c09cb51bf7b7c28aea8c56767da90"

[[projects]]
  branch = "master"
  digest = "1:f5c1d04bc09c644c592b45b9f0bad4030521b1a7d11c7dadbb272d9439fa6e8e"
  name = "github.com/xdg/stringprep"
  packages = ["."]
  pruneopts = "UT"
  revision = "73f8eece6fdcd902c185bf651de50f3828bed5ed"

[[projects]]
  digest = "1:480e1343dcb5630d200dd23a08d3d81f76c7f938780cb616113c96d90aa37c9b"
  name = "go.mongodb.org/mongo-driver"
  packages = [
    "bson",
    "bson/bsoncodec",
    "bson/bsonrw",
    "bson/bsontype",
    "bson/primitive",
    "event",
    "internal",
    "mongo",
    "mongo/options",
    "mongo/readconcern",
    "mongo/readpref",
    "mongo/writeconcern",
    "tag",
    "version",
    "x/bsonx",
    "x/bsonx/bsoncore",
    "x/mongo/driver",
    "x/mongo/driver/address",
    "x/mongo/driver/auth",
    "x/mongo/driver/auth/internal/gssapi",
    "x/mongo/driver/connstring",
    "x/mongo/driver/description",
    "x/mongo/driver/dns",
    "x/mongo/driver/operation",
    "x/mongo/driver/session",
    "x/mongo/driver/topology",
    "x/mongo/driver/uuid",
    "x/mongo/driver/wiremessage",
  ]
  pruneopts = "UT"
  revision = "c520d023af0a89aec8b7f97717b52da270df2c38"
  version = "v1.1.1"

[[projects]]
  digest = "1:a5158647b553c61877aa9ae74f4015000294e47981e6b8b07525edcbb0747c81"
  name = "go.uber.org/atomic"
  packages = ["."]
  pruneopts = "UT"
  revision = "df976f2515e274675050de7b3f42545de80594fd"
  version = "v1.4.0"

[[projects]]
  digest = "1:60bf2a5e347af463c42ed31a493d817f8a72f102543060ed992754e689805d1a"
  name = "go.uber.org/multierr"
  packages = ["."]
  pruneopts = "UT"
  revision = "3c4937480c32f4c13a875a1829af76c98ca3d40a"
  version = "v1.1.0"

[[projects]]
  digest = "1:676160e6a4722b08e0e26b11521d575c2cb2b6f0c679e1ee6178c5d8dee51e5e"
  name = "go.uber.org/zap"
  packages = [
    ".",
    "buffer",
    "internal/bufferpool",
    "internal/color",
    "internal/exit",
    "zapcore",
  ]
  pruneopts = "UT"
  revision = "27376062155ad36be76b0f12cf1572a221d3a48c"
  version = "v1.10.0"

[[projects]]
  branch = "master"
  digest = "1:938dbd252cbf4a674b6fca2b8ac54a9b3cb21090b8d0b5ab73544cdc360cd01f"
  name = "golang.org/x/crypto"
  packages = [
    "curve25519",
    "ed25519",
    "ed25519/internal/edwards25519",
    "pbkdf2",
  ]
  pruneopts = "UT"
  revision = "9ee001bba392397c76f100a2d5b13afc86f167f1"

[[projects]]
  branch = "master"
  digest = "1:b1ab585ad3c43094d6d66bf19f12961b6f5775c618ce1f32216a6baae5af4d5d"
  name = "golang.org/x/net"
  packages = [
    "bpf",
    "context",
    "context/ctxhttp",
    "http/httpguts",
    "http2",
    "http2/hpack",
    "idna",
    "internal/iana",
    "internal/socket",
    "internal/timeseries",
    "ipv4",
    "ipv6",
    "trace",
  ]
  pruneopts = "UT"
  revision = "aa69164e4478b84860dc6769c710c699c67058a3"

[[projects]]
  branch = "master"
  digest = "1:8d1c112fb1679fa097e9a9255a786ee47383fa2549a3da71bcb1334a693ebcfe"
  name = "golang.org/x/oauth2"
  packages = [
    ".",
    "internal",
  ]
  pruneopts = "UT"
  revision = "0f29369cfe4552d0e4bcddc57cc75f4d7e672a33"

[[projects]]
  branch = "master"
  digest = "1:382bb5a7fb4034db3b6a2d19e5a4a6bcf52f4750530603c01ca18a172fa3089b"
  name = "golang.org/x/sync"
  packages = ["semaphore"]
  pruneopts = "UT"
  revision = "cd5d95a43a6e21273425c7ae415d3df9ea832eeb"

[[projects]]
  branch = "master"
  digest = "1:f369a12d6d393e0de995fc012983d815dac4c6d13a692bbbf7b6deb5fe4c9ff9"
  name = "golang.org/x/sys"
  packages = [
    "unix",
    "windows",
  ]
  pruneopts = "UT"
  revision = "0a153f010e6963173baba2306531d173aa843137"

[[projects]]
  digest = "1:8d8faad6b12a3a4c819a3f9618cb6ee1fa1cfc33253abeeea8b55336721e3405"
  name = "golang.org/x/text"
  packages = [
    "collate",
    "collate/build",
    "internal/colltab",
    "internal/gen",
    "internal/language",
    "internal/language/compact",
    "internal/tag",
    "internal/triegen",
    "internal/ucd",
    "language",
    "secure/bidirule",
    "transform",
    "unicode/bidi",
    "unicode/cldr",
    "unicode/norm",
    "unicode/rangetable",
  ]
  pruneopts = "UT"
  revision = "342b2e1fbaa52c93f31447ad2c6abc048c63e475"
  version = "v0.3.2"

[[projects]]
  digest = "1:e0a1881f9e0564bebdeac98c75e59f07acdde6ed3a5396e0e613eaad31194866"
  name = "google.golang.org/appengine"
  packages = [
    "internal",
    "internal/base",
    "internal/datastore",
    "internal/log",
    "internal/remote_api",
    "internal/urlfetch",
    "urlfetch",
  ]
  pruneopts = "UT"
  revision = "c71d63e301d75423acb410203c747cad31e9a5e7"
  version = "v1.6.3"

[[projects]]
  branch = "master"
  digest = "1:583a0c80f5e3a9343d33aea4aead1e1afcc0043db66fdf961ddd1fe8cd3a4faf"
  name = "google.golang.org/genproto"
  packages = ["googleapis/rpc/status"]
  pruneopts = "UT"
  revision = "f660b865573183437d2d868f703fe88bb8af0b55"

[[projects]]
  digest = "1:2e18183989c76d073e9088f1a56f8b1c46ca920b74b529a50c2d7e5877ff18ac"
  name = "google.golang.org/grpc"
  packages = [
    ".",
    "balancer",
    "balancer/base",
    "balancer/roundrobin",
    "binarylog/grpc_binarylog_v1",
    "codes",
    "connectivity",
    "credentials",
    "credentials/internal",
    "encoding",
    "encoding/proto",
    "grpclog",
    "internal",
    "internal/backoff",
    "internal/balancerload",
    "internal/binarylog",
    "internal/channelz",
    "internal/envconfig",
    "internal/grpcrand",
    "internal/grpcsync",
    "internal/syscall",
    "internal/transport",
    "keepalive",
    "metadata",
    "naming",
    "peer",
    "resolver",
    "resolver/dns",
    "resolver/passthrough",
    "serviceconfig",
    "stats",
    "status",
    "tap",
  ]
  pruneopts = "UT"
  revision = "39e8a7b072a67ca2a75f57fa2e0d50995f5b22f6"
  version = "v1.23.1"

[[projects]]
  digest = "1:4d2e5a73dc1500038e504a8d78b986630e3626dc027bc030ba5c75da257cdb96"
  name = "gopkg.in/yaml.v2"
  packages = ["."]
  pruneopts = "UT"
  revision = "51d6538a90f86fe93ac480b35f37b2be17fef232"
  version = "v2.2.2"

[solve-meta]
  analyzer-name = "dep"
  analyzer-version = 1
  input-imports = [
    "github.com/dgrijalva/jwt-go",
    "github.com/go-ocf/authorization/pb",
    "github.com/go-ocf/cqrs/event",
    "github.com/go-ocf/cqrs/eventbus",
    "github.com/go-ocf/cqrs/eventstore",
    "github.com/go-ocf/go-coap",
    "github.com/go-ocf/kit/codec/cbor",
    "github.com/go-ocf/kit/codec/json",
    "github.com/go-ocf/kit/cqrs/eventbus/nats",
    "github.com/go-ocf/kit/cqrs/eventstore/mongodb",
    "github.com/go-ocf/kit/cqrs/pb",
    "github.com/go-ocf/kit/http",
    "github.com/go-ocf/kit/log",
    "github.com/go-ocf/kit/net/grpc",
    "github.com/go-ocf/kit/security",
    "github.com/go-ocf/resource-aggregate/cqrs",
    "github.com/go-ocf/resource-aggregate/cqrs/events",
    "github.com/go-ocf/resource-aggregate/cqrs/projection",
    "github.com/go-ocf/resource-aggregate/pb",
    "github.com/go-ocf/sdk/schema",
    "github.com/go-ocf/sdk/schema/cloud",
    "github.com/gofrs/uuid",
    "github.com/gorilla/mux",
    "github.com/kelseyhightower/envconfig",
    "github.com/panjf2000/ants",
    "github.com/patrickmn/go-cache",
    "github.com/stretchr/testify/assert",
    "github.com/stretchr/testify/require",
    "go.mongodb.org/mongo-driver/bson",
    "go.mongodb.org/mongo-driver/mongo",
    "go.mongodb.org/mongo-driver/mongo/options",
    "go.mongodb.org/mongo-driver/mongo/readpref",
    "golang.org/x/oauth2",
  ]
  solver-name = "gps-cdcl"
  solver-version = 1
